// !$*UTF8*$!
{
	archiveVersion = 1;
	classes = {
	};
	objectVersion = 46;
	objects = {

/* Begin PBXBuildFile section */
		936D90011B539C77005E566B /* main.m in Sources */ = {isa = PBXBuildFile; fileRef = 936D90001B539C77005E566B /* main.m */; };
		936D90041B539C77005E566B /* AppDelegate.m in Sources */ = {isa = PBXBuildFile; fileRef = 936D90031B539C77005E566B /* AppDelegate.m */; };
		936D90071B539C77005E566B /* ViewController.m in Sources */ = {isa = PBXBuildFile; fileRef = 936D90061B539C77005E566B /* ViewController.m */; };
		936D900A1B539C78005E566B /* Main.storyboard in Resources */ = {isa = PBXBuildFile; fileRef = 936D90081B539C78005E566B /* Main.storyboard */; };
		936D900C1B539C78005E566B /* Images.xcassets in Resources */ = {isa = PBXBuildFile; fileRef = 936D900B1B539C78005E566B /* Images.xcassets */; };
		936D900F1B539C78005E566B /* LaunchScreen.xib in Resources */ = {isa = PBXBuildFile; fileRef = 936D900D1B539C78005E566B /* LaunchScreen.xib */; };
		936D901B1B539C78005E566B /* myScrollViewTests.m in Sources */ = {isa = PBXBuildFile; fileRef = 936D901A1B539C78005E566B /* myScrollViewTests.m */; };
		936D90261B53A314005E566B /* HWUIView+Extension.m in Sources */ = {isa = PBXBuildFile; fileRef = 936D90251B53A314005E566B /* HWUIView+Extension.m */; };
/* End PBXBuildFile section */

/* Begin PBXContainerItemProxy section */
		936D90151B539C78005E566B /* PBXContainerItemProxy */ = {
			isa = PBXContainerItemProxy;
			containerPortal = 936D8FF31B539C77005E566B /* Project object */;
			proxyType = 1;
			remoteGlobalIDString = 936D8FFA1B539C77005E566B;
			remoteInfo = myScrollView;
		};
/* End PBXContainerItemProxy section */

/* Begin PBXFileReference section */
		936D8FFB1B539C77005E566B /* myScrollView.app */ = {isa = PBXFileReference; explicitFileType = wrapper.application; includeInIndex = 0; path = myScrollView.app; sourceTree = BUILT_PRODUCTS_DIR; };
		936D8FFF1B539C77005E566B /* Info.plist */ = {isa = PBXFileReference; lastKnownFileType = text.plist.xml; path = Info.plist; sourceTree = "<group>"; };
		936D90001B539C77005E566B /* main.m */ = {isa = PBXFileReference; lastKnownFileType = sourcecode.c.objc; path = main.m; sourceTree = "<group>"; };
		936D90021B539C77005E566B /* AppDelegate.h */ = {isa = PBXFileReference; lastKnownFileType = sourcecode.c.h; path = AppDelegate.h; sourceTree = "<group>"; };
		936D90031B539C77005E566B /* AppDelegate.m */ = {isa = PBXFileReference; lastKnownFileType = sourcecode.c.objc; path = AppDelegate.m; sourceTree = "<group>"; };
		936D90051B539C77005E566B /* ViewController.h */ = {isa = PBXFileReference; lastKnownFileType = sourcecode.c.h; path = ViewController.h; sourceTree = "<group>"; };
		936D90061B539C77005E566B /* ViewController.m */ = {isa = PBXFileReference; lastKnownFileType = sourcecode.c.objc; path = ViewController.m; sourceTree = "<group>"; };
		936D90091B539C78005E566B /* Base */ = {isa = PBXFileReference; lastKnownFileType = file.storyboard; name = Base; path = Base.lproj/Main.storyboard; sourceTree = "<group>"; };
		936D900B1B539C78005E566B /* Images.xcassets */ = {isa = PBXFileReference; lastKnownFileType = folder.assetcatalog; path = Images.xcassets; sourceTree = "<group>"; };
		936D900E1B539C78005E566B /* Base */ = {isa = PBXFileReference; lastKnownFileType = file.xib; name = Base; path = Base.lproj/LaunchScreen.xib; sourceTree = "<group>"; };
		936D90141B539C78005E566B /* myScrollViewTests.xctest */ = {isa = PBXFileReference; explicitFileType = wrapper.cfbundle; includeInIndex = 0; path = myScrollViewTests.xctest; sourceTree = BUILT_PRODUCTS_DIR; };
		936D90191B539C78005E566B /* Info.plist */ = {isa = PBXFileReference; lastKnownFileType = text.plist.xml; path = Info.plist; sourceTree = "<group>"; };
		936D901A1B539C78005E566B /* myScrollViewTests.m */ = {isa = PBXFileReference; lastKnownFileType = sourcecode.c.objc; path = myScrollViewTests.m; sourceTree = "<group>"; };
		936D90241B53A314005E566B /* HWUIView+Extension.h */ = {isa = PBXFileReference; fileEncoding = 4; lastKnownFileType = sourcecode.c.h; path = "HWUIView+Extension.h"; sourceTree = "<group>"; };
		936D90251B53A314005E566B /* HWUIView+Extension.m */ = {isa = PBXFileReference; fileEncoding = 4; lastKnownFileType = sourcecode.c.objc; path = "HWUIView+Extension.m"; sourceTree = "<group>"; };
/* End PBXFileReference section */

/* Begin PBXFrameworksBuildPhase section */
		936D8FF81B539C77005E566B /* Frameworks */ = {
			isa = PBXFrameworksBuildPhase;
			buildActionMask = 2147483647;
			files = (
			);
			runOnlyForDeploymentPostprocessing = 0;
		};
		936D90111B539C78005E566B /* Frameworks */ = {
			isa = PBXFrameworksBuildPhase;
			buildActionMask = 2147483647;
			files = (
			);
			runOnlyForDeploymentPostprocessing = 0;
		};
/* End PBXFrameworksBuildPhase section */

/* Begin PBXGroup section */
		936D8FF21B539C77005E566B = {
			isa = PBXGroup;
			children = (
				936D8FFD1B539C77005E566B /* myScrollView */,
				936D90171B539C78005E566B /* myScrollViewTests */,
				936D8FFC1B539C77005E566B /* Products */,
			);
			sourceTree = "<group>";
		};
		936D8FFC1B539C77005E566B /* Products */ = {
			isa = PBXGroup;
			children = (
				936D8FFB1B539C77005E566B /* myScrollView.app */,
				936D90141B539C78005E566B /* myScrollViewTests.xctest */,
			);
			name = Products;
			sourceTree = "<group>";
		};
		936D8FFD1B539C77005E566B /* myScrollView */ = {
			isa = PBXGroup;
			children = (
				936D90241B53A314005E566B /* HWUIView+Extension.h */,
				936D90251B53A314005E566B /* HWUIView+Extension.m */,
				936D90021B539C77005E566B /* AppDelegate.h */,
				936D90031B539C77005E566B /* AppDelegate.m */,
				936D90051B539C77005E566B /* ViewController.h */,
				936D90061B539C77005E566B /* ViewController.m */,
				936D90081B539C78005E566B /* Main.storyboard */,
				936D900B1B539C78005E566B /* Images.xcassets */,
				936D900D1B539C78005E566B /* LaunchScreen.xib */,
				936D8FFE1B539C77005E566B /* Supporting Files */,
			);
			path = myScrollView;
			sourceTree = "<group>";
		};
		936D8FFE1B539C77005E566B /* Supporting Files */ = {
			isa = PBXGroup;
			children = (
				936D8FFF1B539C77005E566B /* Info.plist */,
				936D90001B539C77005E566B /* main.m */,
			);
			name = "Supporting Files";
			sourceTree = "<group>";
		};
		936D90171B539C78005E566B /* myScrollViewTests */ = {
			isa = PBXGroup;
			children = (
				936D901A1B539C78005E566B /* myScrollViewTests.m */,
				936D90181B539C78005E566B /* Supporting Files */,
			);
			path = myScrollViewTests;
			sourceTree = "<group>";
		};
		936D90181B539C78005E566B /* Supporting Files */ = {
			isa = PBXGroup;
			children = (
				936D90191B539C78005E566B /* Info.plist */,
			);
			name = "Supporting Files";
			sourceTree = "<group>";
		};
/* End PBXGroup section */

/* Begin PBXNativeTarget section */
		936D8FFA1B539C77005E566B /* myScrollView */ = {
			isa = PBXNativeTarget;
			buildConfigurationList = 936D901E1B539C78005E566B /* Build configuration list for PBXNativeTarget "myScrollView" */;
			buildPhases = (
				936D8FF71B539C77005E566B /* Sources */,
				936D8FF81B539C77005E566B /* Frameworks */,
				936D8FF91B539C77005E566B /* Resources */,
			);
			buildRules = (
			);
			dependencies = (
			);
			name = myScrollView;
			productName = myScrollView;
			productReference = 936D8FFB1B539C77005E566B /* myScrollView.app */;
			productType = "com.apple.product-type.application";
		};
		936D90131B539C78005E566B /* myScrollViewTests */ = {
			isa = PBXNativeTarget;
			buildConfigurationList = 936D90211B539C78005E566B /* Build configuration list for PBXNativeTarget "myScrollViewTests" */;
			buildPhases = (
				936D90101B539C78005E566B /* Sources */,
				936D90111B539C78005E566B /* Frameworks */,
				936D90121B539C78005E566B /* Resources */,
			);
			buildRules = (
			);
			dependencies = (
				936D90161B539C78005E566B /* PBXTargetDependency */,
			);
			name = myScrollViewTests;
			productName = myScrollViewTests;
			productReference = 936D90141B539C78005E566B /* myScrollViewTests.xctest */;
			productType = "com.apple.product-type.bundle.unit-test";
		};
/* End PBXNativeTarget section */

/* Begin PBXProject section */
		936D8FF31B539C77005E566B /* Project object */ = {
			isa = PBXProject;
			attributes = {
				LastUpgradeCheck = 0610;
				ORGANIZATIONNAME = HM;
				TargetAttributes = {
					936D8FFA1B539C77005E566B = {
						CreatedOnToolsVersion = 6.1.1;
					};
					936D90131B539C78005E566B = {
						CreatedOnToolsVersion = 6.1.1;
						TestTargetID = 936D8FFA1B539C77005E566B;
					};
				};
			};
			buildConfigurationList = 936D8FF61B539C77005E566B /* Build configuration list for PBXProject "myScrollView" */;
			compatibilityVersion = "Xcode 3.2";
			developmentRegion = English;
			hasScannedForEncodings = 0;
			knownRegions = (
				en,
				Base,
			);
			mainGroup = 936D8FF21B539C77005E566B;
			productRefGroup = 936D8FFC1B539C77005E566B /* Products */;
			projectDirPath = "";
			projectRoot = "";
			targets = (
				936D8FFA1B539C77005E566B /* myScrollView */,
				936D90131B539C78005E566B /* myScrollViewTests */,
			);
		};
/* End PBXProject section */

/* Begin PBXResourcesBuildPhase section */
		936D8FF91B539C77005E566B /* Resources */ = {
			isa = PBXResourcesBuildPhase;
			buildActionMask = 2147483647;
			files = (
				936D900A1B539C78005E566B /* Main.storyboard in Resources */,
				936D900F1B539C78005E566B /* LaunchScreen.xib in Resources */,
				936D900C1B539C78005E566B /* Images.xcassets in Resources */,
			);
			runOnlyForDeploymentPostprocessing = 0;
		};
		936D90121B539C78005E566B /* Resources */ = {
			isa = PBXResourcesBuildPhase;
			buildActionMask = 2147483647;
			files = (
			);
			runOnlyForDeploymentPostprocessing = 0;
		};
/* End PBXResourcesBuildPhase section */

/* Begin PBXSourcesBuildPhase section */
		936D8FF71B539C77005E566B /* Sources */ = {
			isa = PBXSourcesBuildPhase;
			buildActionMask = 2147483647;
			files = (
				936D90071B539C77005E566B /* ViewController.m in Sources */,
				936D90041B539C77005E566B /* AppDelegate.m in Sources */,
				936D90011B539C77005E566B /* main.m in Sources */,
				936D90261B53A314005E566B /* HWUIView+Extension.m in Sources */,
			);
			runOnlyForDeploymentPostprocessing = 0;
		};
		936D90101B539C78005E566B /* Sources */ = {
			isa = PBXSourcesBuildPhase;
			buildActionMask = 2147483647;
			files = (
				936D901B1B539C78005E566B /* myScrollViewTests.m in Sources */,
			);
			runOnlyForDeploymentPostprocessing = 0;
		};
/* End PBXSourcesBuildPhase section */

/* Begin PBXTargetDependency section */
		936D90161B539C78005E566B /* PBXTargetDependency */ = {
			isa = PBXTargetDependency;
			target = 936D8FFA1B539C77005E566B /* myScrollView */;
			targetProxy = 936D90151B539C78005E566B /* PBXContainerItemProxy */;
		};
/* End PBXTargetDependency section */

/* Begin PBXVariantGroup section */
		936D90081B539C78005E566B /* Main.storyboard */ = {
			isa = PBXVariantGroup;
			children = (
				936D90091B539C78005E566B /* Base */,
			);
			name = Main.storyboard;
			sourceTree = "<group>";
		};
		936D900D1B539C78005E566B /* LaunchScreen.xib */ = {
			isa = PBXVariantGroup;
			children = (
				936D900E1B539C78005E566B /* Base */,
			);
			name = LaunchScreen.xib;
			sourceTree = "<group>";
		};
/* End PBXVariantGroup section */

/* Begin XCBuildConfiguration section */
		936D901C1B539C78005E566B /* Debug */ = {
			isa = XCBuildConfiguration;
			buildSettings = {
				ALWAYS_SEARCH_USER_PATHS = NO;
				CLANG_CXX_LANGUAGE_STANDARD = "gnu++0x";
				CLANG_CXX_LIBRARY = "libc++";
				CLANG_ENABLE_MODULES = YES;
				CLANG_ENABLE_OBJC_ARC = YES;
				CLANG_WARN_BOOL_CONVERSION = YES;
				CLANG_WARN_CONSTANT_CONVERSION = YES;
				CLANG_WARN_DIRECT_OBJC_ISA_USAGE = YES_ERROR;
				CLANG_WARN_EMPTY_BODY = YES;
				CLANG_WARN_ENUM_CONVERSION = YES;
				CLANG_WARN_INT_CONVERSION = YES;
				CLANG_WARN_OBJC_ROOT_CLASS = YES_ERROR;
				CLANG_WARN_UNREACHABLE_CODE = YES;
				CLANG_WARN__DUPLICATE_METHOD_MATCH = YES;
				"CODE_SIGN_IDENTITY[sdk=iphoneos*]" = "iPhone Developer";
				COPY_PHASE_STRIP = NO;
				ENABLE_STRICT_OBJC_MSGSEND = YES;
				GCC_C_LANGUAGE_STANDARD = gnu99;
				GCC_DYNAMIC_NO_PIC = NO;
				GCC_OPTIMIZATION_LEVEL = 0;
				GCC_PREPROCESSOR_DEFINITIONS = (
					"DEBUG=1",
					"$(inherited)",
				);
				GCC_SYMBOLS_PRIVATE_EXTERN = NO;
				GCC_WARN_64_TO_32_BIT_CONVERSION = YES;
				GCC_WARN_ABOUT_RETURN_TYPE = YES_ERROR;
				GCC_WARN_UNDECLARED_SELECTOR = YES;
				GCC_WARN_UNINITIALIZED_AUTOS = YES_AGGRESSIVE;
				GCC_WARN_UNUSED_FUNCTION = YES;
				GCC_WARN_UNUSED_VARIABLE = YES;
				IPHONEOS_DEPLOYMENT_TARGET = 8.1;
				MTL_ENABLE_DEBUG_INFO = YES;
				ONLY_ACTIVE_ARCH = YES;
				SDKROOT = iphoneos;
			};
			name = Debug;
		};
		936D901D1B539C78005E566B /* Release */ = {
			isa = XCBuildConfiguration;
			buildSettings = {
				ALWAYS_SEARCH_USER_PATHS = NO;
				CLANG_CXX_LANGUAGE_STANDARD = "gnu++0x";
				CLANG_CXX_LIBRARY = "libc++";
				CLANG_ENABLE_MODULES = YES;
				CLANG_ENABLE_OBJC_ARC = YES;
				CLANG_WARN_BOOL_CONVERSION = YES;
				CLANG_WARN_CONSTANT_CONVERSION = YES;
				CLANG_WARN_DIRECT_OBJC_ISA_USAGE = YES_ERROR;
				CLANG_WARN_EMPTY_BODY = YES;
				CLANG_WARN_ENUM_CONVERSION = YES;
				CLANG_WARN_INT_CONVERSION = YES;
				CLANG_WARN_OBJC_ROOT_CLASS = YES_ERROR;
				CLANG_WARN_UNREACHABLE_CODE = YES;
				CLANG_WARN__DUPLICATE_METHOD_MATCH = YES;
				"CODE_SIGN_IDENTITY[sdk=iphoneos*]" = "iPhone Developer";
				COPY_PHASE_STRIP = YES;
				ENABLE_NS_ASSERTIONS = NO;
				ENABLE_STRICT_OBJC_MSGSEND = YES;
				GCC_C_LANGUAGE_STANDARD = gnu99;
				GCC_WARN_64_TO_32_BIT_CONVERSION = YES;
				GCC_WARN_ABOUT_RETURN_TYPE = YES_ERROR;
				GCC_WARN_UNDECLARED_SELECTOR = YES;
				GCC_WARN_UNINITIALIZED_AUTOS = YES_AGGRESSIVE;
				GCC_WARN_UNUSED_FUNCTION = YES;
				GCC_WARN_UNUSED_VARIABLE = YES;
				IPHONEOS_DEPLOYMENT_TARGET = 8.1;
				MTL_ENABLE_DEBUG_INFO = NO;
				SDKROOT = iphoneos;
				VALIDATE_PRODUCT = YES;
			};
			name = Release;
		};
		936D901F1B539C78005E566B /* Debug */ = {
			isa = XCBuildConfiguration;
			buildSettings = {
				ASSETCATALOG_COMPILER_APPICON_NAME = AppIcon;
				INFOPLIST_FILE = myScrollView/Info.plist;
				LD_RUNPATH_SEARCH_PATHS = "$(inherited) @executable_path/Frameworks";
				PRODUCT_NAME = "$(TARGET_NAME)";
			};
			name = Debug;
		};
		936D90201B539C78005E566B /* Release */ = {
			isa = XCBuildConfiguration;
			buildSettings = {
				ASSETCATALOG_COMPILER_APPICON_NAME = AppIcon;
				INFOPLIST_FILE = myScrollView/Info.plist;
				LD_RUNPATH_SEARCH_PATHS = "$(inherited) @executable_path/Frameworks";
				PRODUCT_NAME = "$(TARGET_NAME)";
			};
			name = Release;
		};
		936D90221B539C78005E566B /* Debug */ = {
			isa = XCBuildConfiguration;
			buildSettings = {
				BUNDLE_LOADER = "$(TEST_HOST)";
				FRAMEWORK_SEARCH_PATHS = (
					"$(SDKROOT)/Developer/Library/Frameworks",
					"$(inherited)",
				);
				GCC_PREPROCESSOR_DEFINITIONS = (
					"DEBUG=1",
					"$(inherited)",
				);
				INFOPLIST_FILE = myScrollViewTests/Info.plist;
				LD_RUNPATH_SEARCH_PATHS = "$(inherited) @executable_path/Frameworks @loader_path/Frameworks";
				PRODUCT_NAME = "$(TARGET_NAME)";
				TEST_HOST = "$(BUILT_PRODUCTS_DIR)/myScrollView.app/myScrollView";
			};
			name = Debug;
		};
		936D90231B539C78005E566B /* Release */ = {
			isa = XCBuildConfiguration;
			buildSettings = {
				BUNDLE_LOADER = "$(TEST_HOST)";
				FRAMEWORK_SEARCH_PATHS = (
					"$(SDKROOT)/Developer/Library/Frameworks",
					"$(inherited)",
				);
				INFOPLIST_FILE = myScrollViewTests/Info.plist;
				LD_RUNPATH_SEARCH_PATHS = "$(inherited) @executable_path/Frameworks @loader_path/Frameworks";
				PRODUCT_NAME = "$(TARGET_NAME)";
				TEST_HOST = "$(BUILT_PRODUCTS_DIR)/myScrollView.app/myScrollView";
			};
			name = Release;
		};
/* End XCBuildConfiguration section */

/* Begin XCConfigurationList section */
		936D8FF61B539C77005E566B /* Build configuration list for PBXProject "myScrollView" */ = {
			isa = XCConfigurationList;
			buildConfigurations = (
				936D901C1B539C78005E566B /* Debug */,
				936D901D1B539C78005E566B /* Release */,
			);
			defaultConfigurationIsVisible = 0;
			defaultConfigurationName = Release;
		};
		936D901E1B539C78005E566B /* Build configuration list for PBXNativeTarget "myScrollView" */ = {
			isa = XCConfigurationList;
			buildConfigurations = (
				936D901F1B539C78005E566B /* Debug */,
				936D90201B539C78005E566B /* Release */,
			);
			defaultConfigurationIsVisible = 0;
		};
		936D90211B539C78005E566B /* Build configuration list for PBXNativeTarget "myScrollViewTests" */ = {
			isa = XCConfigurationList;
			buildConfigurations = (
				936D90221B539C78005E566B /* Debug */,
				936D90231B539C78005E566B /* Release */,
			);
			defaultConfigurationIsVisible = 0;
		};
/* End XCConfigurationList section */
	};
	rootObject = 936D8FF31B539C77005E566B /* Project object */;
}
